
Microsoft Visual Studio Solution File, Format Version 12.00
# Visual Studio Version 16
VisualStudioVersion = 16.0.33214.272
MinimumVisualStudioVersion = 10.0.40219.1
Project("{FAE04EC0-301F-11D3-BF4B-00C04F79EFBC}") = "Lab 21 СамРабота Многопоточность класс THREAD", "Lab 21 СамРабота Многопоточность класс THREAD.csproj", "{EBE41A90-C2EC-4578-86CE-923A2584F5BC}"
EndProject
Project("{FAE04EC0-301F-11D3-BF4B-00C04F79EFBC}") = "Garden Worker", "..\Garden Worker\Garden Worker.csproj", "{A62A76DB-47C0-410B-A140-C053091744EE}"
EndProject
Global
	GlobalSection(SolutionConfigurationPlatforms) = preSolution
		Debug|Any CPU = Debug|Any CPU
		Release|Any CPU = Release|Any CPU
	EndGlobalSection
	GlobalSection(ProjectConfigurationPlatforms) = postSolution
		{EBE41A90-C2EC-4578-86CE-923A2584F5BC}.Debug|Any CPU.ActiveCfg = Debug|Any CPU
		{EBE41A90-C2EC-4578-86CE-923A2584F5BC}.Debug|Any CPU.Build.0 = Debug|Any CPU
		{EBE41A90-C2EC-4578-86CE-923A2584F5BC}.Release|Any CPU.ActiveCfg = Release|Any CPU
		{EBE41A90-C2EC-4578-86CE-923A2584F5BC}.Release|Any CPU.Build.0 = Release|Any CPU
		{A62A76DB-47C0-410B-A140-C053091744EE}.Debug|Any CPU.ActiveCfg = Debug|Any CPU
		{A62A76DB-47C0-410B-A140-C053091744EE}.Debug|Any CPU.Build.0 = Debug|Any CPU
		{A62A76DB-47C0-410B-A140-C053091744EE}.Release|Any CPU.ActiveCfg = Release|Any CPU
		{A62A76DB-47C0-410B-A140-C053091744EE}.Release|Any CPU.Build.0 = Release|Any CPU
	EndGlobalSection
	GlobalSection(SolutionProperties) = preSolution
		HideSolutionNode = FALSE
	EndGlobalSection
	GlobalSection(ExtensibilityGlobals) = postSolution
		SolutionGuid = {E6B543D6-E8CF-4AB9-9C6D-5B0446845091}
	EndGlobalSection
EndGlobal
